
Microsoft Visual Studio Solution File, Format Version 12.00
# Visual Studio 15
Project("{FAE04EC0-301F-11D3-BF4B-00C04F79EFBC}") = "Gradebook", "Gradebook.csproj", "{6E25CB27-AA46-45EC-88DD-6A1FF5153A3A}"
EndProject
Project("{FAE04EC0-301F-11D3-BF4B-00C04F79EFBC}") = "Gradebook.Tests", "..\..\test\Gradebook.Tests\Gradebook.Tests.csproj", "{66AABD7A-74FD-4969-898B-074557AA7084}"
EndProject
Global
	GlobalSection(SolutionConfigurationPlatforms) = preSolution
		Debug|Any CPU = Debug|Any CPU
		Release|Any CPU = Release|Any CPU
	EndGlobalSection
	GlobalSection(ProjectConfigurationPlatforms) = postSolution
		{6E25CB27-AA46-45EC-88DD-6A1FF5153A3A}.Debug|Any CPU.ActiveCfg = Debug|Any CPU
		{6E25CB27-AA46-45EC-88DD-6A1FF5153A3A}.Debug|Any CPU.Build.0 = Debug|Any CPU
		{6E25CB27-AA46-45EC-88DD-6A1FF5153A3A}.Release|Any CPU.ActiveCfg = Release|Any CPU
		{6E25CB27-AA46-45EC-88DD-6A1FF5153A3A}.Release|Any CPU.Build.0 = Release|Any CPU
		{66AABD7A-74FD-4969-898B-074557AA7084}.Debug|Any CPU.ActiveCfg = Debug|Any CPU
		{66AABD7A-74FD-4969-898B-074557AA7084}.Debug|Any CPU.Build.0 = Debug|Any CPU
		{66AABD7A-74FD-4969-898B-074557AA7084}.Release|Any CPU.ActiveCfg = Release|Any CPU
		{66AABD7A-74FD-4969-898B-074557AA7084}.Release|Any CPU.Build.0 = Release|Any CPU
	EndGlobalSection
	GlobalSection(MonoDevelopProperties) = preSolution
		Policies = $0
		$0.DotNetNamingPolicy = $1
		$1.DirectoryNamespaceAssociation = PrefixedHierarchical
		$0.TextStylePolicy = $2
		$2.inheritsSet = null
		$2.scope = text/x-csharp
		$0.CSharpFormattingPolicy = $3
		$3.scope = text/x-csharp
		$0.TextStylePolicy = $4
		$4.FileWidth = 80
		$4.TabsToSpaces = True
		$4.scope = text/plain
		$0.StandardHeader = $5
		$0.VersionControlPolicy = $6
	EndGlobalSection
EndGlobal
